
Microsoft Visual Studio Solution File, Format Version 12.00
# Visual Studio 15
Project("{FAE04EC0-301F-11D3-BF4B-00C04F79EFBC}") = "Threading3", "Threading3\Threading3.csproj", "{06B1AA86-E4FB-489C-A475-F3E5C6FAA8E6}"
EndProject
Global
	GlobalSection(SolutionConfigurationPlatforms) = preSolution
		Debug|Any CPU = Debug|Any CPU
		Release|Any CPU = Release|Any CPU
	EndGlobalSection
	GlobalSection(ProjectConfigurationPlatforms) = postSolution
		{06B1AA86-E4FB-489C-A475-F3E5C6FAA8E6}.Debug|Any CPU.ActiveCfg = Debug|Any CPU
		{06B1AA86-E4FB-489C-A475-F3E5C6FAA8E6}.Debug|Any CPU.Build.0 = Debug|Any CPU
		{06B1AA86-E4FB-489C-A475-F3E5C6FAA8E6}.Release|Any CPU.ActiveCfg = Release|Any CPU
		{06B1AA86-E4FB-489C-A475-F3E5C6FAA8E6}.Release|Any CPU.Build.0 = Release|Any CPU
	EndGlobalSection
EndGlobal
