
Microsoft Visual Studio Solution File, Format Version 12.00
# Visual Studio 15
Project("{FAE04EC0-301F-11D3-BF4B-00C04F79EFBC}") = "Task3", "Task3\Task3.csproj", "{408CE882-AF93-4043-A69B-CA592FC41D5A}"
EndProject
Global
	GlobalSection(SolutionConfigurationPlatforms) = preSolution
		Debug|Any CPU = Debug|Any CPU
		Release|Any CPU = Release|Any CPU
	EndGlobalSection
	GlobalSection(ProjectConfigurationPlatforms) = postSolution
		{408CE882-AF93-4043-A69B-CA592FC41D5A}.Debug|Any CPU.ActiveCfg = Debug|Any CPU
		{408CE882-AF93-4043-A69B-CA592FC41D5A}.Debug|Any CPU.Build.0 = Debug|Any CPU
		{408CE882-AF93-4043-A69B-CA592FC41D5A}.Release|Any CPU.ActiveCfg = Release|Any CPU
		{408CE882-AF93-4043-A69B-CA592FC41D5A}.Release|Any CPU.Build.0 = Release|Any CPU
	EndGlobalSection
EndGlobal
