
Microsoft Visual Studio Solution File, Format Version 12.00
# Visual Studio 15
Project("{FAE04EC0-301F-11D3-BF4B-00C04F79EFBC}") = "Ex10", "Ex10\Ex10.csproj", "{86DEE59F-8CB6-48F2-BC93-01EBD6E8A190}"
EndProject
Global
	GlobalSection(SolutionConfigurationPlatforms) = preSolution
		Debug|Any CPU = Debug|Any CPU
		Release|Any CPU = Release|Any CPU
	EndGlobalSection
	GlobalSection(ProjectConfigurationPlatforms) = postSolution
		{86DEE59F-8CB6-48F2-BC93-01EBD6E8A190}.Debug|Any CPU.ActiveCfg = Debug|Any CPU
		{86DEE59F-8CB6-48F2-BC93-01EBD6E8A190}.Debug|Any CPU.Build.0 = Debug|Any CPU
		{86DEE59F-8CB6-48F2-BC93-01EBD6E8A190}.Release|Any CPU.ActiveCfg = Release|Any CPU
		{86DEE59F-8CB6-48F2-BC93-01EBD6E8A190}.Release|Any CPU.Build.0 = Release|Any CPU
	EndGlobalSection
EndGlobal
