
Microsoft Visual Studio Solution File, Format Version 12.00
# Visual Studio 15
Project("{FAE04EC0-301F-11D3-BF4B-00C04F79EFBC}") = "Task4", "Task4\Task4.csproj", "{435785E8-D3D4-45F7-9CF8-5419284DB66E}"
EndProject
Global
	GlobalSection(SolutionConfigurationPlatforms) = preSolution
		Debug|Any CPU = Debug|Any CPU
		Release|Any CPU = Release|Any CPU
	EndGlobalSection
	GlobalSection(ProjectConfigurationPlatforms) = postSolution
		{435785E8-D3D4-45F7-9CF8-5419284DB66E}.Debug|Any CPU.ActiveCfg = Debug|Any CPU
		{435785E8-D3D4-45F7-9CF8-5419284DB66E}.Debug|Any CPU.Build.0 = Debug|Any CPU
		{435785E8-D3D4-45F7-9CF8-5419284DB66E}.Release|Any CPU.ActiveCfg = Release|Any CPU
		{435785E8-D3D4-45F7-9CF8-5419284DB66E}.Release|Any CPU.Build.0 = Release|Any CPU
	EndGlobalSection
EndGlobal
