
Microsoft Visual Studio Solution File, Format Version 12.00
# Visual Studio 15
Project("{FAE04EC0-301F-11D3-BF4B-00C04F79EFBC}") = "Maze2", "Maze2\Maze2.csproj", "{04E195F3-53E9-4EDB-B1D8-95A9D7A6BBD6}"
EndProject
Global
	GlobalSection(SolutionConfigurationPlatforms) = preSolution
		Debug|Any CPU = Debug|Any CPU
		Release|Any CPU = Release|Any CPU
	EndGlobalSection
	GlobalSection(ProjectConfigurationPlatforms) = postSolution
		{04E195F3-53E9-4EDB-B1D8-95A9D7A6BBD6}.Debug|Any CPU.ActiveCfg = Debug|Any CPU
		{04E195F3-53E9-4EDB-B1D8-95A9D7A6BBD6}.Debug|Any CPU.Build.0 = Debug|Any CPU
		{04E195F3-53E9-4EDB-B1D8-95A9D7A6BBD6}.Release|Any CPU.ActiveCfg = Release|Any CPU
		{04E195F3-53E9-4EDB-B1D8-95A9D7A6BBD6}.Release|Any CPU.Build.0 = Release|Any CPU
	EndGlobalSection
EndGlobal
